
Microsoft Visual Studio Solution File, Format Version 12.00
# Visual Studio 14
VisualStudioVersion = 14.0.25420.1
MinimumVisualStudioVersion = 10.0.40219.1
Project("{D2ABAB84-BF74-430A-B69E-9DC6D40DDA17}") = "ssas", "ProjetMultidimensionnel4\ssas.dwproj", "{1D58AECF-70B5-4716-92BD-9160495701DF}"
EndProject
Global
	GlobalSection(SolutionConfigurationPlatforms) = preSolution
		Development|Default = Development|Default
	EndGlobalSection
	GlobalSection(ProjectConfigurationPlatforms) = postSolution
		{1D58AECF-70B5-4716-92BD-9160495701DF}.Development|Default.ActiveCfg = Development
		{1D58AECF-70B5-4716-92BD-9160495701DF}.Development|Default.Build.0 = Development
		{1D58AECF-70B5-4716-92BD-9160495701DF}.Development|Default.Deploy.0 = Development
	EndGlobalSection
	GlobalSection(SolutionProperties) = preSolution
		HideSolutionNode = FALSE
	EndGlobalSection
EndGlobal
